version = 1
requires-python = ">=3.12"

[[package]]
name = "claude-stats"
version = "0.1.0"
source = { virtual = "." }
dependencies = [
    { name = "ijson" },
]

[package.metadata]
requires-dist = [{ name = "ijson", specifier = ">=3.3.0" }]

[[package]]
name = "ijson"
version = "3.3.0"
source = { registry = "https://pypi.org/simple" }
sdist = { url = "https://files.pythonhosted.org/packages/6c/83/28e9e93a3a61913e334e3a2e78ea9924bb9f9b1ac45898977f9d9dd6133f/ijson-3.3.0.tar.gz", hash = "sha256:7f172e6ba1bee0d4c8f8ebd639577bfe429dee0f3f96775a067b8bae4492d8a0", size = 60079 }
wheels = [
    { url = "https://files.pythonhosted.org/packages/8a/4d/3992f7383e26a950e02dc704bc6c5786a080d5c25fe0fc5543ef477c1883/ijson-3.3.0-cp312-cp312-macosx_10_9_universal2.whl", hash = "sha256:988e959f2f3d59ebd9c2962ae71b97c0df58323910d0b368cc190ad07429d1bb", size = 84550 },
    { url = "https://files.pythonhosted.org/packages/1b/cc/3d4372e0d0b02a821b982f1fdf10385512dae9b9443c1597719dd37769a9/ijson-3.3.0-cp312-cp312-macosx_10_9_x86_64.whl", hash = "sha256:b2f73f0d0fce5300f23a1383d19b44d103bb113b57a69c36fd95b7c03099b181", size = 57572 },
    { url = "https://files.pythonhosted.org/packages/02/de/970d48b1ff9da5d9513c86fdd2acef5cb3415541c8069e0d92a151b84adb/ijson-3.3.0-cp312-cp312-macosx_11_0_arm64.whl", hash = "sha256:0ee57a28c6bf523d7cb0513096e4eb4dac16cd935695049de7608ec110c2b751", size = 56902 },
    { url = "https://files.pythonhosted.org/packages/5e/a0/4537722c8b3b05e82c23dfe09a3a64dd1e44a013a5ca58b1e77dfe48b2f1/ijson-3.3.0-cp312-cp312-manylinux_2_17_aarch64.manylinux2014_aarch64.whl", hash = "sha256:e0155a8f079c688c2ccaea05de1ad69877995c547ba3d3612c1c336edc12a3a5", size = 127400 },
    { url = "https://files.pythonhosted.org/packages/b2/96/54956062a99cf49f7a7064b573dcd756da0563ce57910dc34e27a473d9b9/ijson-3.3.0-cp312-cp312-manylinux_2_17_i686.manylinux2014_i686.whl", hash = "sha256:7ab00721304af1ae1afa4313ecfa1bf16b07f55ef91e4a5b93aeaa3e2bd7917c", size = 118786 },
    { url = "https://files.pythonhosted.org/packages/07/74/795319531c5b5504508f595e631d592957f24bed7ff51a15bc4c61e7b24c/ijson-3.3.0-cp312-cp312-manylinux_2_17_x86_64.manylinux2014_x86_64.whl", hash = "sha256:40ee3821ee90be0f0e95dcf9862d786a7439bd1113e370736bfdf197e9765bfb", size = 126288 },
    { url = "https://files.pythonhosted.org/packages/69/6a/e0cec06fbd98851d5d233b59058c1dc2ea767c9bb6feca41aa9164fff769/ijson-3.3.0-cp312-cp312-musllinux_1_2_aarch64.whl", hash = "sha256:da3b6987a0bc3e6d0f721b42c7a0198ef897ae50579547b0345f7f02486898f5", size = 129569 },
    { url = "https://files.pythonhosted.org/packages/2a/4f/82c0d896d8dcb175f99ced7d87705057bcd13523998b48a629b90139a0dc/ijson-3.3.0-cp312-cp312-musllinux_1_2_i686.whl", hash = "sha256:63afea5f2d50d931feb20dcc50954e23cef4127606cc0ecf7a27128ed9f9a9e6", size = 121508 },
    { url = "https://files.pythonhosted.org/packages/2b/b6/8973474eba4a917885e289d9e138267d3d1f052c2d93b8c968755661a42d/ijson-3.3.0-cp312-cp312-musllinux_1_2_x86_64.whl", hash = "sha256:b5c3e285e0735fd8c5a26d177eca8b52512cdd8687ca86ec77a0c66e9c510182", size = 127896 },
    { url = "https://files.pythonhosted.org/packages/94/25/00e66af887adbbe70002e0479c3c2340bdfa17a168e25d4ab5a27b53582d/ijson-3.3.0-cp312-cp312-win32.whl", hash = "sha256:907f3a8674e489abdcb0206723e5560a5cb1fa42470dcc637942d7b10f28b695", size = 49272 },
    { url = "https://files.pythonhosted.org/packages/25/a2/e187beee237808b2c417109ae0f4f7ee7c81ecbe9706305d6ac2a509cc45/ijson-3.3.0-cp312-cp312-win_amd64.whl", hash = "sha256:8f890d04ad33262d0c77ead53c85f13abfb82f2c8f078dfbf24b78f59534dfdd", size = 51272 },
]
